
Microsoft Visual Studio Solution File, Format Version 12.00
# Visual Studio Version 16
VisualStudioVersion = 16.0.31105.61
MinimumVisualStudioVersion = 10.0.40219.1
Project("{9A19103F-16F7-4668-BE54-9A1E7A4F7556}") = "Graph", "Graph\Graph.csproj", "{F414F4FE-6B05-4C56-AE19-4FE0B29E3810}"
EndProject
Project("{FAE04EC0-301F-11D3-BF4B-00C04F79EFBC}") = "testgraphdotnetcore", "testgraphdotnetcore\testgraphdotnetcore.csproj", "{67BAAC7C-972C-43F9-BAC5-DE992EB6D155}"
EndProject
Global
	GlobalSection(SolutionConfigurationPlatforms) = preSolution
		Debug|Any CPU = Debug|Any CPU
		Release|Any CPU = Release|Any CPU
	EndGlobalSection
	GlobalSection(ProjectConfigurationPlatforms) = postSolution
		{F414F4FE-6B05-4C56-AE19-4FE0B29E3810}.Debug|Any CPU.ActiveCfg = Debug|Any CPU
		{F414F4FE-6B05-4C56-AE19-4FE0B29E3810}.Debug|Any CPU.Build.0 = Debug|Any CPU
		{F414F4FE-6B05-4C56-AE19-4FE0B29E3810}.Release|Any CPU.ActiveCfg = Release|Any CPU
		{F414F4FE-6B05-4C56-AE19-4FE0B29E3810}.Release|Any CPU.Build.0 = Release|Any CPU
		{67BAAC7C-972C-43F9-BAC5-DE992EB6D155}.Debug|Any CPU.ActiveCfg = Debug|Any CPU
		{67BAAC7C-972C-43F9-BAC5-DE992EB6D155}.Debug|Any CPU.Build.0 = Debug|Any CPU
		{67BAAC7C-972C-43F9-BAC5-DE992EB6D155}.Release|Any CPU.ActiveCfg = Release|Any CPU
		{67BAAC7C-972C-43F9-BAC5-DE992EB6D155}.Release|Any CPU.Build.0 = Release|Any CPU
	EndGlobalSection
	GlobalSection(SolutionProperties) = preSolution
		HideSolutionNode = FALSE
	EndGlobalSection
	GlobalSection(ExtensibilityGlobals) = postSolution
		SolutionGuid = {EBAB5022-C7B9-40B8-9F60-F075DC9A1424}
	EndGlobalSection
EndGlobal
